
Microsoft Visual Studio Solution File, Format Version 12.00
# Visual Studio Version 16
VisualStudioVersion = 16.0.29806.167
MinimumVisualStudioVersion = 10.0.40219.1
Project("{9A19103F-16F7-4668-BE54-9A1E7A4F7556}") = "SFA.DAS.EmployerIncentives.Web", "SFA.DAS.EmployerIncentives.Web\SFA.DAS.EmployerIncentives.Web.csproj", "{04C1F00F-155C-465D-AAE1-173C660AF854}"
EndProject
Project("{2150E333-8FDC-42A3-9474-1A3956D46DE8}") = "Functions", "Functions", "{F5215B69-F4EB-492B-ABEE-C02E45468208}"
EndProject
Project("{2150E333-8FDC-42A3-9474-1A3956D46DE8}") = "Tests", "Tests", "{9517C39E-1329-48E8-91A6-4F2B7543837D}"
EndProject
Project("{9A19103F-16F7-4668-BE54-9A1E7A4F7556}") = "SFA.DAS.EmployerIncentives.Infrastructure", "SFA.DAS.EmployerIncentives.Infrastructure\SFA.DAS.EmployerIncentives.Infrastructure.csproj", "{DCCD5E21-0D35-43C2-A67B-626268C0E7D8}"
EndProject
Project("{9A19103F-16F7-4668-BE54-9A1E7A4F7556}") = "SFA.DAS.EmployerIncentives.Data", "SFA.DAS.EmployerIncentives.Data\SFA.DAS.EmployerIncentives.Data.csproj", "{FA3BE617-F34A-4FFB-8F4A-942DE6E63AA6}"
EndProject
Project("{9A19103F-16F7-4668-BE54-9A1E7A4F7556}") = "SFA.DAS.EmployerIncentives.Application", "SFA.DAS.EmployerIncentives.Domain\SFA.DAS.EmployerIncentives.Application.csproj", "{B6D2221A-5C42-4AF3-9ED4-F88D84A67ECE}"
EndProject
Project("{FAE04EC0-301F-11D3-BF4B-00C04F79EFBC}") = "SFA.DAS.EmployerIncentives.Functions.LegalEntities", "SFA.DAS.EmployerIncentives.Functions.LegalEntities\SFA.DAS.EmployerIncentives.Functions.LegalEntities.csproj", "{59EF74AE-6AC9-4FE1-93AE-9946E4DCE02F}"
EndProject
Project("{FAE04EC0-301F-11D3-BF4B-00C04F79EFBC}") = "SFA.DAS.EmployerIncentives.Functions.TestConsole", "SFA.DAS.EmployerIncentives.Functions.TestConsole\SFA.DAS.EmployerIncentives.Functions.TestConsole.csproj", "{30B734EE-999C-4573-ACD7-99AED8B72D4E}"
EndProject
Global
	GlobalSection(SolutionConfigurationPlatforms) = preSolution
		Debug|Any CPU = Debug|Any CPU
		Release|Any CPU = Release|Any CPU
	EndGlobalSection
	GlobalSection(ProjectConfigurationPlatforms) = postSolution
		{04C1F00F-155C-465D-AAE1-173C660AF854}.Debug|Any CPU.ActiveCfg = Debug|Any CPU
		{04C1F00F-155C-465D-AAE1-173C660AF854}.Debug|Any CPU.Build.0 = Debug|Any CPU
		{04C1F00F-155C-465D-AAE1-173C660AF854}.Release|Any CPU.ActiveCfg = Release|Any CPU
		{04C1F00F-155C-465D-AAE1-173C660AF854}.Release|Any CPU.Build.0 = Release|Any CPU
		{DCCD5E21-0D35-43C2-A67B-626268C0E7D8}.Debug|Any CPU.ActiveCfg = Debug|Any CPU
		{DCCD5E21-0D35-43C2-A67B-626268C0E7D8}.Debug|Any CPU.Build.0 = Debug|Any CPU
		{DCCD5E21-0D35-43C2-A67B-626268C0E7D8}.Release|Any CPU.ActiveCfg = Release|Any CPU
		{DCCD5E21-0D35-43C2-A67B-626268C0E7D8}.Release|Any CPU.Build.0 = Release|Any CPU
		{FA3BE617-F34A-4FFB-8F4A-942DE6E63AA6}.Debug|Any CPU.ActiveCfg = Debug|Any CPU
		{FA3BE617-F34A-4FFB-8F4A-942DE6E63AA6}.Debug|Any CPU.Build.0 = Debug|Any CPU
		{FA3BE617-F34A-4FFB-8F4A-942DE6E63AA6}.Release|Any CPU.ActiveCfg = Release|Any CPU
		{FA3BE617-F34A-4FFB-8F4A-942DE6E63AA6}.Release|Any CPU.Build.0 = Release|Any CPU
		{B6D2221A-5C42-4AF3-9ED4-F88D84A67ECE}.Debug|Any CPU.ActiveCfg = Debug|Any CPU
		{B6D2221A-5C42-4AF3-9ED4-F88D84A67ECE}.Debug|Any CPU.Build.0 = Debug|Any CPU
		{B6D2221A-5C42-4AF3-9ED4-F88D84A67ECE}.Release|Any CPU.ActiveCfg = Release|Any CPU
		{B6D2221A-5C42-4AF3-9ED4-F88D84A67ECE}.Release|Any CPU.Build.0 = Release|Any CPU
		{59EF74AE-6AC9-4FE1-93AE-9946E4DCE02F}.Debug|Any CPU.ActiveCfg = Debug|Any CPU
		{59EF74AE-6AC9-4FE1-93AE-9946E4DCE02F}.Debug|Any CPU.Build.0 = Debug|Any CPU
		{59EF74AE-6AC9-4FE1-93AE-9946E4DCE02F}.Release|Any CPU.ActiveCfg = Release|Any CPU
		{59EF74AE-6AC9-4FE1-93AE-9946E4DCE02F}.Release|Any CPU.Build.0 = Release|Any CPU
		{30B734EE-999C-4573-ACD7-99AED8B72D4E}.Debug|Any CPU.ActiveCfg = Debug|Any CPU
		{30B734EE-999C-4573-ACD7-99AED8B72D4E}.Debug|Any CPU.Build.0 = Debug|Any CPU
		{30B734EE-999C-4573-ACD7-99AED8B72D4E}.Release|Any CPU.ActiveCfg = Release|Any CPU
		{30B734EE-999C-4573-ACD7-99AED8B72D4E}.Release|Any CPU.Build.0 = Release|Any CPU
	EndGlobalSection
	GlobalSection(SolutionProperties) = preSolution
		HideSolutionNode = FALSE
	EndGlobalSection
	GlobalSection(NestedProjects) = preSolution
		{59EF74AE-6AC9-4FE1-93AE-9946E4DCE02F} = {F5215B69-F4EB-492B-ABEE-C02E45468208}
		{30B734EE-999C-4573-ACD7-99AED8B72D4E} = {9517C39E-1329-48E8-91A6-4F2B7543837D}
	EndGlobalSection
	GlobalSection(ExtensibilityGlobals) = postSolution
		SolutionGuid = {3D3E3FB6-A534-4F3A-AC5E-BD27EF68874D}
	EndGlobalSection
EndGlobal
