
Microsoft Visual Studio Solution File, Format Version 12.00
# Visual Studio Version 16
VisualStudioVersion = 16.0.29806.167
MinimumVisualStudioVersion = 10.0.40219.1
Project("{2150E333-8FDC-42A3-9474-1A3956D46DE8}") = "Tests", "Tests", "{9517C39E-1329-48E8-91A6-4F2B7543837D}"
EndProject
Project("{9A19103F-16F7-4668-BE54-9A1E7A4F7556}") = "SFA.DAS.EmployerIncentives.Infrastructure", "SFA.DAS.EmployerIncentives.Infrastructure\SFA.DAS.EmployerIncentives.Infrastructure.csproj", "{DCCD5E21-0D35-43C2-A67B-626268C0E7D8}"
EndProject
Project("{9A19103F-16F7-4668-BE54-9A1E7A4F7556}") = "SFA.DAS.EmployerIncentives.Data", "SFA.DAS.EmployerIncentives.Data\SFA.DAS.EmployerIncentives.Data.csproj", "{FA3BE617-F34A-4FFB-8F4A-942DE6E63AA6}"
EndProject
Project("{9A19103F-16F7-4668-BE54-9A1E7A4F7556}") = "SFA.DAS.EmployerIncentives.Functions.TestConsole", "SFA.DAS.EmployerIncentives.Functions.TestConsole\SFA.DAS.EmployerIncentives.Functions.TestConsole.csproj", "{30B734EE-999C-4573-ACD7-99AED8B72D4E}"
EndProject
Project("{2150E333-8FDC-42A3-9474-1A3956D46DE8}") = "AcceptanceTests", "AcceptanceTests", "{19B5E22A-31B8-4F4A-B759-F82B368F81A9}"
EndProject
Project("{9A19103F-16F7-4668-BE54-9A1E7A4F7556}") = "SFA.DAS.EmployerIncentives.Api.AcceptanceTests", "SFA.DAS.EmployerIncentives.Api.AcceptanceTests\SFA.DAS.EmployerIncentives.Api.AcceptanceTests.csproj", "{41F9D3B2-BE56-425A-8057-FE3D4C6AAE33}"
EndProject
Project("{9A19103F-16F7-4668-BE54-9A1E7A4F7556}") = "SFA.DAS.EmployerIncentives.Domain", "SFA.DAS.EmployerIncentives.Domain\SFA.DAS.EmployerIncentives.Domain.csproj", "{065E407B-F57F-489E-9064-D6AA473F85F5}"
EndProject
Project("{9A19103F-16F7-4668-BE54-9A1E7A4F7556}") = "SFA.DAS.EmployerIncentives.Domain.UnitTests", "SFA.DAS.EmployerIncentives.Domain.UnitTests\SFA.DAS.EmployerIncentives.Domain.UnitTests.csproj", "{1AD341F3-53F2-4E79-AABC-3ACBF4F38EC0}"
EndProject
Project("{00D1A9C2-B5F0-4AF3-8072-F6C62B433612}") = "SFA.DAS.EmployerIncentives.Database", "SFA.DAS.EmployerIncentives.Database\SFA.DAS.EmployerIncentives.Database.sqlproj", "{6CAC5F3B-6837-4DB6-A5A1-F080EEAC5476}"
EndProject
Project("{9A19103F-16F7-4668-BE54-9A1E7A4F7556}") = "SFA.DAS.EmployerIncentives.Data.UnitTests", "SFA.DAS.EmployerIncentives.Data.UnitTests\SFA.DAS.EmployerIncentives.Data.UnitTests.csproj", "{09DA20FD-4B12-48C5-B636-55829BAF274C}"
EndProject
Project("{9A19103F-16F7-4668-BE54-9A1E7A4F7556}") = "SFA.DAS.EmployerIncentives.Api", "SFA.DAS.EmployerIncentives.Api\SFA.DAS.EmployerIncentives.Api.csproj", "{C0764355-230B-42B7-B1C3-653B353E887C}"
EndProject
Project("{9A19103F-16F7-4668-BE54-9A1E7A4F7556}") = "SFA.DAS.EmployerIncentives.Messages", "SFA.DAS.EmployerIncentives.Messages\SFA.DAS.EmployerIncentives.Messages.csproj", "{6ACE41EA-D09D-45BC-BB65-05278EAAC64F}"
EndProject
Project("{9A19103F-16F7-4668-BE54-9A1E7A4F7556}") = "SFA.DAS.EmployerIncentives.Commands", "SFA.DAS.EmployerIncentives.Commands\SFA.DAS.EmployerIncentives.Commands.csproj", "{E0017FB2-E41D-435D-977E-F5FA9DB6A504}"
EndProject
Project("{9A19103F-16F7-4668-BE54-9A1E7A4F7556}") = "SFA.DAS.EmployerIncentives.Queries", "SFA.DAS.EmployerIncentives.Queries\SFA.DAS.EmployerIncentives.Queries.csproj", "{8F49309A-D865-400A-B1C1-BB41D0F60FEA}"
EndProject
Project("{9A19103F-16F7-4668-BE54-9A1E7A4F7556}") = "SFA.DAS.EmployerIncentives.Commands.UnitTests", "tests\SFA.DAS.EmployerIncentives.Commands.UnitTests\SFA.DAS.EmployerIncentives.Commands.UnitTests.csproj", "{601063FE-6ABE-4ED7-8E47-BB3EE1E9B9F4}"
EndProject
Project("{9A19103F-16F7-4668-BE54-9A1E7A4F7556}") = "SFA.DAS.EmployerIncentives.Queries.UnitTests", "tests\SFA.DAS.EmployerIncentives.Queries.UnitTests\SFA.DAS.EmployerIncentives.Queries.UnitTests.csproj", "{D8BED249-F5E6-4EC0-B98C-2ECCD5B6A429}"
EndProject
Project("{9A19103F-16F7-4668-BE54-9A1E7A4F7556}") = "SFA.DAS.EmployerIncentives.Api.UnitTests", "tests\SFA.DAS.EmployerIncentives.Api.UnitTests\SFA.DAS.EmployerIncentives.Api.UnitTests.csproj", "{15F25FEB-60DD-4E81-9F69-0B8E6E6DAA3A}"
EndProject
Project("{9A19103F-16F7-4668-BE54-9A1E7A4F7556}") = "SFA.DAS.EmployerIncentives.Abstractions", "SFA.DAS.EmployerIncentives.Abstractions\SFA.DAS.EmployerIncentives.Abstractions.csproj", "{0EEA80CE-3EC5-4AD0-AE2B-4FB564057F01}"
EndProject
Project("{2150E333-8FDC-42A3-9474-1A3956D46DE8}") = "Application", "Application", "{9281BA00-B46E-438F-BC4E-4B201E2D7EA6}"
EndProject
Project("{2150E333-8FDC-42A3-9474-1A3956D46DE8}") = "Data", "Data", "{18C853F0-EE3A-48D4-98D7-1AB2D2FE8F23}"
EndProject
Project("{2150E333-8FDC-42A3-9474-1A3956D46DE8}") = "Api", "Api", "{D263D9A3-03F6-43BC-B25A-86E0B464BEBD}"
EndProject
Project("{9A19103F-16F7-4668-BE54-9A1E7A4F7556}") = "SFA.DAS.EmployerIncentives.ValueObjects", "SFA.DAS.EmployerIncentives.ValueObjects\SFA.DAS.EmployerIncentives.ValueObjects.csproj", "{8A48CA51-8882-4B0A-AD31-6099AAF1D54C}"
EndProject
Project("{9A19103F-16F7-4668-BE54-9A1E7A4F7556}") = "SFA.DAS.EmployerIncentives.ValueObjects.UnitTests", "SFA.DAS.EmployerIncentives.ValueObjects.UnitTests\SFA.DAS.EmployerIncentives.ValueObjects.UnitTests.csproj", "{720EF578-7C43-4C2E-BF78-7B0514ED34E5}"
EndProject
Project("{9A19103F-16F7-4668-BE54-9A1E7A4F7556}") = "SFA.DAS.EmployerIncentives.UnitTests.Builders", "SFA.DAS.EmployerIncentives.UnitTests.Builders\SFA.DAS.EmployerIncentives.UnitTests.Builders.csproj", "{F8DE248E-F5FD-49C0-8E8B-AF51CB548C00}"
EndProject
Project("{9A19103F-16F7-4668-BE54-9A1E7A4F7556}") = "SFA.DAS.EmployerIncentives.Enums", "SFA.DAS.EmployerIncentives.Enums\SFA.DAS.EmployerIncentives.Enums.csproj", "{4514EFD1-DBD4-41F6-9D76-7709125827C2}"
EndProject
Project("{9A19103F-16F7-4668-BE54-9A1E7A4F7556}") = "SFA.DAS.EmployerIncentives.UnitTests.Shared", "SFA.DAS.EmployerIncentives.UnitTests.Shared\SFA.DAS.EmployerIncentives.UnitTests.Shared.csproj", "{C67087BB-2277-4F36-BE23-91D9CD317A7C}"
EndProject
Project("{9A19103F-16F7-4668-BE54-9A1E7A4F7556}") = "SFA.DAS.EmployerIncentives.Events", "SFA.DAS.EmployerIncentives.Events\SFA.DAS.EmployerIncentives.Events.csproj", "{F08B990D-C3CB-437A-8F81-1CF70BB70C6C}"
EndProject
Project("{9A19103F-16F7-4668-BE54-9A1E7A4F7556}") = "SFA.DAS.EmployerIncentives.Functions.DomainMessageHandlers", "SFA.DAS.EmployerIncentives.Functions.DomainMessageHandlers\SFA.DAS.EmployerIncentives.Functions.DomainMessageHandlers.csproj", "{03B5882C-31A1-4818-9FA0-D4AFA7F690F2}"
EndProject
Project("{9A19103F-16F7-4668-BE54-9A1E7A4F7556}") = "SFA.DAS.EmployerIncentives.Commands.Types", "SFA.DAS.EmployerIncentives.Commands.Types\SFA.DAS.EmployerIncentives.Commands.Types.csproj", "{F176B48C-F870-4E57-A610-8396638B7EDA}"
EndProject
Project("{9A19103F-16F7-4668-BE54-9A1E7A4F7556}") = "SFA.DAS.EmployerIncentives.DomainMessageHandlers.UnitTests", "SFA.DAS.EmployerIncentives.DomainMessageHandlers.UnitTests\SFA.DAS.EmployerIncentives.DomainMessageHandlers.UnitTests.csproj", "{7F4D2BA1-E5F2-40BB-8589-7BAED0D598D3}"
EndProject
Project("{9A19103F-16F7-4668-BE54-9A1E7A4F7556}") = "SFA.DAS.EmployerIncentives.Events.UnitTests", "SFA.DAS.EmployerIncentives.Events.UnitTests\SFA.DAS.EmployerIncentives.Events.UnitTests.csproj", "{A52652C6-830A-4CB5-BFA0-AA7E36850081}"
EndProject
Global
	GlobalSection(SolutionConfigurationPlatforms) = preSolution
		Debug|Any CPU = Debug|Any CPU
		Release|Any CPU = Release|Any CPU
	EndGlobalSection
	GlobalSection(ProjectConfigurationPlatforms) = postSolution
		{DCCD5E21-0D35-43C2-A67B-626268C0E7D8}.Debug|Any CPU.ActiveCfg = Debug|Any CPU
		{DCCD5E21-0D35-43C2-A67B-626268C0E7D8}.Debug|Any CPU.Build.0 = Debug|Any CPU
		{DCCD5E21-0D35-43C2-A67B-626268C0E7D8}.Release|Any CPU.ActiveCfg = Release|Any CPU
		{DCCD5E21-0D35-43C2-A67B-626268C0E7D8}.Release|Any CPU.Build.0 = Release|Any CPU
		{FA3BE617-F34A-4FFB-8F4A-942DE6E63AA6}.Debug|Any CPU.ActiveCfg = Debug|Any CPU
		{FA3BE617-F34A-4FFB-8F4A-942DE6E63AA6}.Debug|Any CPU.Build.0 = Debug|Any CPU
		{FA3BE617-F34A-4FFB-8F4A-942DE6E63AA6}.Release|Any CPU.ActiveCfg = Release|Any CPU
		{FA3BE617-F34A-4FFB-8F4A-942DE6E63AA6}.Release|Any CPU.Build.0 = Release|Any CPU
		{30B734EE-999C-4573-ACD7-99AED8B72D4E}.Debug|Any CPU.ActiveCfg = Debug|Any CPU
		{30B734EE-999C-4573-ACD7-99AED8B72D4E}.Debug|Any CPU.Build.0 = Debug|Any CPU
		{30B734EE-999C-4573-ACD7-99AED8B72D4E}.Release|Any CPU.ActiveCfg = Release|Any CPU
		{30B734EE-999C-4573-ACD7-99AED8B72D4E}.Release|Any CPU.Build.0 = Release|Any CPU
		{41F9D3B2-BE56-425A-8057-FE3D4C6AAE33}.Debug|Any CPU.ActiveCfg = Debug|Any CPU
		{41F9D3B2-BE56-425A-8057-FE3D4C6AAE33}.Debug|Any CPU.Build.0 = Debug|Any CPU
		{41F9D3B2-BE56-425A-8057-FE3D4C6AAE33}.Release|Any CPU.ActiveCfg = Release|Any CPU
		{41F9D3B2-BE56-425A-8057-FE3D4C6AAE33}.Release|Any CPU.Build.0 = Release|Any CPU
		{065E407B-F57F-489E-9064-D6AA473F85F5}.Debug|Any CPU.ActiveCfg = Debug|Any CPU
		{065E407B-F57F-489E-9064-D6AA473F85F5}.Debug|Any CPU.Build.0 = Debug|Any CPU
		{065E407B-F57F-489E-9064-D6AA473F85F5}.Release|Any CPU.ActiveCfg = Release|Any CPU
		{065E407B-F57F-489E-9064-D6AA473F85F5}.Release|Any CPU.Build.0 = Release|Any CPU
		{1AD341F3-53F2-4E79-AABC-3ACBF4F38EC0}.Debug|Any CPU.ActiveCfg = Debug|Any CPU
		{1AD341F3-53F2-4E79-AABC-3ACBF4F38EC0}.Debug|Any CPU.Build.0 = Debug|Any CPU
		{1AD341F3-53F2-4E79-AABC-3ACBF4F38EC0}.Release|Any CPU.ActiveCfg = Release|Any CPU
		{1AD341F3-53F2-4E79-AABC-3ACBF4F38EC0}.Release|Any CPU.Build.0 = Release|Any CPU
		{6CAC5F3B-6837-4DB6-A5A1-F080EEAC5476}.Debug|Any CPU.ActiveCfg = Debug|Any CPU
		{6CAC5F3B-6837-4DB6-A5A1-F080EEAC5476}.Debug|Any CPU.Build.0 = Debug|Any CPU
		{6CAC5F3B-6837-4DB6-A5A1-F080EEAC5476}.Debug|Any CPU.Deploy.0 = Debug|Any CPU
		{6CAC5F3B-6837-4DB6-A5A1-F080EEAC5476}.Release|Any CPU.ActiveCfg = Release|Any CPU
		{6CAC5F3B-6837-4DB6-A5A1-F080EEAC5476}.Release|Any CPU.Build.0 = Release|Any CPU
		{6CAC5F3B-6837-4DB6-A5A1-F080EEAC5476}.Release|Any CPU.Deploy.0 = Release|Any CPU
		{09DA20FD-4B12-48C5-B636-55829BAF274C}.Debug|Any CPU.ActiveCfg = Debug|Any CPU
		{09DA20FD-4B12-48C5-B636-55829BAF274C}.Debug|Any CPU.Build.0 = Debug|Any CPU
		{09DA20FD-4B12-48C5-B636-55829BAF274C}.Release|Any CPU.ActiveCfg = Release|Any CPU
		{09DA20FD-4B12-48C5-B636-55829BAF274C}.Release|Any CPU.Build.0 = Release|Any CPU
		{C0764355-230B-42B7-B1C3-653B353E887C}.Debug|Any CPU.ActiveCfg = Debug|Any CPU
		{C0764355-230B-42B7-B1C3-653B353E887C}.Debug|Any CPU.Build.0 = Debug|Any CPU
		{C0764355-230B-42B7-B1C3-653B353E887C}.Release|Any CPU.ActiveCfg = Release|Any CPU
		{C0764355-230B-42B7-B1C3-653B353E887C}.Release|Any CPU.Build.0 = Release|Any CPU
		{6ACE41EA-D09D-45BC-BB65-05278EAAC64F}.Debug|Any CPU.ActiveCfg = Debug|Any CPU
		{6ACE41EA-D09D-45BC-BB65-05278EAAC64F}.Debug|Any CPU.Build.0 = Debug|Any CPU
		{6ACE41EA-D09D-45BC-BB65-05278EAAC64F}.Release|Any CPU.ActiveCfg = Release|Any CPU
		{6ACE41EA-D09D-45BC-BB65-05278EAAC64F}.Release|Any CPU.Build.0 = Release|Any CPU
		{E0017FB2-E41D-435D-977E-F5FA9DB6A504}.Debug|Any CPU.ActiveCfg = Debug|Any CPU
		{E0017FB2-E41D-435D-977E-F5FA9DB6A504}.Debug|Any CPU.Build.0 = Debug|Any CPU
		{E0017FB2-E41D-435D-977E-F5FA9DB6A504}.Release|Any CPU.ActiveCfg = Release|Any CPU
		{E0017FB2-E41D-435D-977E-F5FA9DB6A504}.Release|Any CPU.Build.0 = Release|Any CPU
		{8F49309A-D865-400A-B1C1-BB41D0F60FEA}.Debug|Any CPU.ActiveCfg = Debug|Any CPU
		{8F49309A-D865-400A-B1C1-BB41D0F60FEA}.Debug|Any CPU.Build.0 = Debug|Any CPU
		{8F49309A-D865-400A-B1C1-BB41D0F60FEA}.Release|Any CPU.ActiveCfg = Release|Any CPU
		{8F49309A-D865-400A-B1C1-BB41D0F60FEA}.Release|Any CPU.Build.0 = Release|Any CPU
		{601063FE-6ABE-4ED7-8E47-BB3EE1E9B9F4}.Debug|Any CPU.ActiveCfg = Debug|Any CPU
		{601063FE-6ABE-4ED7-8E47-BB3EE1E9B9F4}.Debug|Any CPU.Build.0 = Debug|Any CPU
		{601063FE-6ABE-4ED7-8E47-BB3EE1E9B9F4}.Release|Any CPU.ActiveCfg = Release|Any CPU
		{601063FE-6ABE-4ED7-8E47-BB3EE1E9B9F4}.Release|Any CPU.Build.0 = Release|Any CPU
		{D8BED249-F5E6-4EC0-B98C-2ECCD5B6A429}.Debug|Any CPU.ActiveCfg = Debug|Any CPU
		{D8BED249-F5E6-4EC0-B98C-2ECCD5B6A429}.Debug|Any CPU.Build.0 = Debug|Any CPU
		{D8BED249-F5E6-4EC0-B98C-2ECCD5B6A429}.Release|Any CPU.ActiveCfg = Release|Any CPU
		{D8BED249-F5E6-4EC0-B98C-2ECCD5B6A429}.Release|Any CPU.Build.0 = Release|Any CPU
		{15F25FEB-60DD-4E81-9F69-0B8E6E6DAA3A}.Debug|Any CPU.ActiveCfg = Debug|Any CPU
		{15F25FEB-60DD-4E81-9F69-0B8E6E6DAA3A}.Debug|Any CPU.Build.0 = Debug|Any CPU
		{15F25FEB-60DD-4E81-9F69-0B8E6E6DAA3A}.Release|Any CPU.ActiveCfg = Release|Any CPU
		{15F25FEB-60DD-4E81-9F69-0B8E6E6DAA3A}.Release|Any CPU.Build.0 = Release|Any CPU
		{0EEA80CE-3EC5-4AD0-AE2B-4FB564057F01}.Debug|Any CPU.ActiveCfg = Debug|Any CPU
		{0EEA80CE-3EC5-4AD0-AE2B-4FB564057F01}.Debug|Any CPU.Build.0 = Debug|Any CPU
		{0EEA80CE-3EC5-4AD0-AE2B-4FB564057F01}.Release|Any CPU.ActiveCfg = Release|Any CPU
		{0EEA80CE-3EC5-4AD0-AE2B-4FB564057F01}.Release|Any CPU.Build.0 = Release|Any CPU
		{8A48CA51-8882-4B0A-AD31-6099AAF1D54C}.Debug|Any CPU.ActiveCfg = Debug|Any CPU
		{8A48CA51-8882-4B0A-AD31-6099AAF1D54C}.Debug|Any CPU.Build.0 = Debug|Any CPU
		{8A48CA51-8882-4B0A-AD31-6099AAF1D54C}.Release|Any CPU.ActiveCfg = Release|Any CPU
		{8A48CA51-8882-4B0A-AD31-6099AAF1D54C}.Release|Any CPU.Build.0 = Release|Any CPU
		{720EF578-7C43-4C2E-BF78-7B0514ED34E5}.Debug|Any CPU.ActiveCfg = Debug|Any CPU
		{720EF578-7C43-4C2E-BF78-7B0514ED34E5}.Debug|Any CPU.Build.0 = Debug|Any CPU
		{720EF578-7C43-4C2E-BF78-7B0514ED34E5}.Release|Any CPU.ActiveCfg = Release|Any CPU
		{720EF578-7C43-4C2E-BF78-7B0514ED34E5}.Release|Any CPU.Build.0 = Release|Any CPU
		{F8DE248E-F5FD-49C0-8E8B-AF51CB548C00}.Debug|Any CPU.ActiveCfg = Debug|Any CPU
		{F8DE248E-F5FD-49C0-8E8B-AF51CB548C00}.Debug|Any CPU.Build.0 = Debug|Any CPU
		{F8DE248E-F5FD-49C0-8E8B-AF51CB548C00}.Release|Any CPU.ActiveCfg = Release|Any CPU
		{F8DE248E-F5FD-49C0-8E8B-AF51CB548C00}.Release|Any CPU.Build.0 = Release|Any CPU
		{4514EFD1-DBD4-41F6-9D76-7709125827C2}.Debug|Any CPU.ActiveCfg = Debug|Any CPU
		{4514EFD1-DBD4-41F6-9D76-7709125827C2}.Debug|Any CPU.Build.0 = Debug|Any CPU
		{4514EFD1-DBD4-41F6-9D76-7709125827C2}.Release|Any CPU.ActiveCfg = Release|Any CPU
		{4514EFD1-DBD4-41F6-9D76-7709125827C2}.Release|Any CPU.Build.0 = Release|Any CPU
		{C67087BB-2277-4F36-BE23-91D9CD317A7C}.Debug|Any CPU.ActiveCfg = Debug|Any CPU
		{C67087BB-2277-4F36-BE23-91D9CD317A7C}.Debug|Any CPU.Build.0 = Debug|Any CPU
		{C67087BB-2277-4F36-BE23-91D9CD317A7C}.Release|Any CPU.ActiveCfg = Release|Any CPU
		{C67087BB-2277-4F36-BE23-91D9CD317A7C}.Release|Any CPU.Build.0 = Release|Any CPU
		{F08B990D-C3CB-437A-8F81-1CF70BB70C6C}.Debug|Any CPU.ActiveCfg = Debug|Any CPU
		{F08B990D-C3CB-437A-8F81-1CF70BB70C6C}.Debug|Any CPU.Build.0 = Debug|Any CPU
		{F08B990D-C3CB-437A-8F81-1CF70BB70C6C}.Release|Any CPU.ActiveCfg = Release|Any CPU
		{F08B990D-C3CB-437A-8F81-1CF70BB70C6C}.Release|Any CPU.Build.0 = Release|Any CPU
		{03B5882C-31A1-4818-9FA0-D4AFA7F690F2}.Debug|Any CPU.ActiveCfg = Debug|Any CPU
		{03B5882C-31A1-4818-9FA0-D4AFA7F690F2}.Debug|Any CPU.Build.0 = Debug|Any CPU
		{03B5882C-31A1-4818-9FA0-D4AFA7F690F2}.Release|Any CPU.ActiveCfg = Release|Any CPU
		{03B5882C-31A1-4818-9FA0-D4AFA7F690F2}.Release|Any CPU.Build.0 = Release|Any CPU
		{F176B48C-F870-4E57-A610-8396638B7EDA}.Debug|Any CPU.ActiveCfg = Debug|Any CPU
		{F176B48C-F870-4E57-A610-8396638B7EDA}.Debug|Any CPU.Build.0 = Debug|Any CPU
		{F176B48C-F870-4E57-A610-8396638B7EDA}.Release|Any CPU.ActiveCfg = Release|Any CPU
		{F176B48C-F870-4E57-A610-8396638B7EDA}.Release|Any CPU.Build.0 = Release|Any CPU
		{7F4D2BA1-E5F2-40BB-8589-7BAED0D598D3}.Debug|Any CPU.ActiveCfg = Debug|Any CPU
		{7F4D2BA1-E5F2-40BB-8589-7BAED0D598D3}.Debug|Any CPU.Build.0 = Debug|Any CPU
		{7F4D2BA1-E5F2-40BB-8589-7BAED0D598D3}.Release|Any CPU.ActiveCfg = Release|Any CPU
		{7F4D2BA1-E5F2-40BB-8589-7BAED0D598D3}.Release|Any CPU.Build.0 = Release|Any CPU
		{A52652C6-830A-4CB5-BFA0-AA7E36850081}.Debug|Any CPU.ActiveCfg = Debug|Any CPU
		{A52652C6-830A-4CB5-BFA0-AA7E36850081}.Debug|Any CPU.Build.0 = Debug|Any CPU
		{A52652C6-830A-4CB5-BFA0-AA7E36850081}.Release|Any CPU.ActiveCfg = Release|Any CPU
		{A52652C6-830A-4CB5-BFA0-AA7E36850081}.Release|Any CPU.Build.0 = Release|Any CPU
	EndGlobalSection
	GlobalSection(SolutionProperties) = preSolution
		HideSolutionNode = FALSE
	EndGlobalSection
	GlobalSection(NestedProjects) = preSolution
		{FA3BE617-F34A-4FFB-8F4A-942DE6E63AA6} = {18C853F0-EE3A-48D4-98D7-1AB2D2FE8F23}
		{30B734EE-999C-4573-ACD7-99AED8B72D4E} = {9517C39E-1329-48E8-91A6-4F2B7543837D}
		{41F9D3B2-BE56-425A-8057-FE3D4C6AAE33} = {19B5E22A-31B8-4F4A-B759-F82B368F81A9}
		{065E407B-F57F-489E-9064-D6AA473F85F5} = {9281BA00-B46E-438F-BC4E-4B201E2D7EA6}
		{1AD341F3-53F2-4E79-AABC-3ACBF4F38EC0} = {9517C39E-1329-48E8-91A6-4F2B7543837D}
		{6CAC5F3B-6837-4DB6-A5A1-F080EEAC5476} = {18C853F0-EE3A-48D4-98D7-1AB2D2FE8F23}
		{09DA20FD-4B12-48C5-B636-55829BAF274C} = {9517C39E-1329-48E8-91A6-4F2B7543837D}
		{C0764355-230B-42B7-B1C3-653B353E887C} = {D263D9A3-03F6-43BC-B25A-86E0B464BEBD}
		{E0017FB2-E41D-435D-977E-F5FA9DB6A504} = {9281BA00-B46E-438F-BC4E-4B201E2D7EA6}
		{8F49309A-D865-400A-B1C1-BB41D0F60FEA} = {9281BA00-B46E-438F-BC4E-4B201E2D7EA6}
		{601063FE-6ABE-4ED7-8E47-BB3EE1E9B9F4} = {9517C39E-1329-48E8-91A6-4F2B7543837D}
		{D8BED249-F5E6-4EC0-B98C-2ECCD5B6A429} = {9517C39E-1329-48E8-91A6-4F2B7543837D}
		{15F25FEB-60DD-4E81-9F69-0B8E6E6DAA3A} = {9517C39E-1329-48E8-91A6-4F2B7543837D}
		{8A48CA51-8882-4B0A-AD31-6099AAF1D54C} = {9281BA00-B46E-438F-BC4E-4B201E2D7EA6}
		{720EF578-7C43-4C2E-BF78-7B0514ED34E5} = {9517C39E-1329-48E8-91A6-4F2B7543837D}
		{F8DE248E-F5FD-49C0-8E8B-AF51CB548C00} = {9517C39E-1329-48E8-91A6-4F2B7543837D}
		{4514EFD1-DBD4-41F6-9D76-7709125827C2} = {9281BA00-B46E-438F-BC4E-4B201E2D7EA6}
		{C67087BB-2277-4F36-BE23-91D9CD317A7C} = {9517C39E-1329-48E8-91A6-4F2B7543837D}
		{F08B990D-C3CB-437A-8F81-1CF70BB70C6C} = {9281BA00-B46E-438F-BC4E-4B201E2D7EA6}
		{F176B48C-F870-4E57-A610-8396638B7EDA} = {9281BA00-B46E-438F-BC4E-4B201E2D7EA6}
		{7F4D2BA1-E5F2-40BB-8589-7BAED0D598D3} = {9517C39E-1329-48E8-91A6-4F2B7543837D}
		{A52652C6-830A-4CB5-BFA0-AA7E36850081} = {9517C39E-1329-48E8-91A6-4F2B7543837D}
	EndGlobalSection
	GlobalSection(ExtensibilityGlobals) = postSolution
		SolutionGuid = {3D3E3FB6-A534-4F3A-AC5E-BD27EF68874D}
	EndGlobalSection
EndGlobal
